{
  "name": "node-scp",
  "version": "0.0.5",
  "lockfileVersion": 1,
  "requires": true,
  "dependencies": {
    "@types/node": {
      "version": "14.10.3",
      "resolved": "https://registry.npmjs.org/@types/node/-/node-14.10.3.tgz",
      "integrity": "sha512-zdN0hor7TLkjAdKTnYW+Y22oIhUUpil5ZD1V1OFq0CR0CLKw+NdR6dkziTfkWRLo6sKzisayoj/GNpNbe4LY9Q==",
      "dev": true
    },
    "@types/ssh2": {
      "version": "0.5.44",
      "resolved": "https://registry.npmjs.org/@types/ssh2/-/ssh2-0.5.44.tgz",
      "integrity": "sha512-2aKqF0no055Zs8E6eaUtgDJv9yw1ViR7GLkWhuMIMnSPIU46vJJviEFZZtEqGxZEnrPpYxvOPPpWzwll/a4YwQ==",
      "dev": true,
      "requires": {
        "@types/node": "*",
        "@types/ssh2-streams": "*"
      }
    },
    "@types/ssh2-streams": {
      "version": "0.1.7",
      "resolved": "https://registry.npmjs.org/@types/ssh2-streams/-/ssh2-streams-0.1.7.tgz",
      "integrity": "sha512-cQNV72C+BOG7G8WNGarTQdB2Ii37cJlWatSpx5zTYxtI2ZvUt2lbq6Nc2XZ4kbge28V7Xe5KYYr82d96/rDMnQ==",
      "dev": true,
      "requires": {
        "@types/node": "*"
      }
    },
    "typescript": {
      "version": "4.0.2",
      "resolved": "https://registry.npmjs.org/typescript/-/typescript-4.0.2.tgz",
      "integrity": "sha512-e4ERvRV2wb+rRZ/IQeb3jm2VxBsirQLpQhdxplZ2MEzGvDkkMmPglecnNDfSUBivMjP93vRbngYYDQqQ/78bcQ==",
      "dev": true
    }
  }
}
