# THIS IS AN AUTOGENERATED FILE. DO NOT EDIT THIS FILE DIRECTLY.
# yarn lockfile v1


"@types/node@*":
  version "13.7.4"
  resolved "https://registry.yarnpkg.com/@types/node/-/node-13.7.4.tgz#76c3cb3a12909510f52e5dc04a6298cdf9504ffd"
  integrity sha512-oVeL12C6gQS/GAExndigSaLxTrKpQPxewx9bOcwfvJiJge4rr7wNaph4J+ns5hrmIV2as5qxqN8YKthn9qh0jw==

"@types/ssh2-streams@*":
  version "0.1.6"
  resolved "https://registry.yarnpkg.com/@types/ssh2-streams/-/ssh2-streams-0.1.6.tgz#1ff5b1fe50c15f282efe9fd092c68494f8702bc2"
  integrity sha512-NB+SYftagfHTDPdgVyvSZCeg5MURyHECd/PycGIW9hwhnEbTFxIdDbFtf3jxUO3rRnfr0lfdtkZFiv28T1cAsg==
  dependencies:
    "@types/node" "*"

"@types/ssh2@^0.5.44":
  version "0.5.44"
  resolved "https://registry.yarnpkg.com/@types/ssh2/-/ssh2-0.5.44.tgz#8bda3ffe9cab038a997f6749df76cc52249d1916"
  integrity sha512-2aKqF0no055Zs8E6eaUtgDJv9yw1ViR7GLkWhuMIMnSPIU46vJJviEFZZtEqGxZEnrPpYxvOPPpWzwll/a4YwQ==
  dependencies:
    "@types/node" "*"
    "@types/ssh2-streams" "*"

typescript@^4.0.2:
  version "4.0.2"
  resolved "https://registry.yarnpkg.com/typescript/-/typescript-4.0.2.tgz#7ea7c88777c723c681e33bf7988be5d008d05ac2"
  integrity sha512-e4ERvRV2wb+rRZ/IQeb3jm2VxBsirQLpQhdxplZ2MEzGvDkkMmPglecnNDfSUBivMjP93vRbngYYDQqQ/78bcQ==
