# THIS IS AN AUTOGENERATED FILE. DO NOT EDIT THIS FILE DIRECTLY.
# yarn lockfile v1


"@types/node@*":
  version "13.7.4"
  resolved "https://registry.yarnpkg.com/@types/node/-/node-13.7.4.tgz#76c3cb3a12909510f52e5dc04a6298cdf9504ffd"
  integrity sha512-oVeL12C6gQS/GAExndigSaLxTrKpQPxewx9bOcwfvJiJge4rr7wNaph4J+ns5hrmIV2as5qxqN8YKthn9qh0jw==

"@types/ssh2-streams@*":
  version "0.1.6"
  resolved "https://registry.yarnpkg.com/@types/ssh2-streams/-/ssh2-streams-0.1.6.tgz#1ff5b1fe50c15f282efe9fd092c68494f8702bc2"
  integrity sha512-NB+SYftagfHTDPdgVyvSZCeg5MURyHECd/PycGIW9hwhnEbTFxIdDbFtf3jxUO3rRnfr0lfdtkZFiv28T1cAsg==
  dependencies:
    "@types/node" "*"

"@types/ssh2@^0.5.40":
  version "0.5.40"
  resolved "https://registry.yarnpkg.com/@types/ssh2/-/ssh2-0.5.40.tgz#b65465897f40c67e66e630b1f059f13a1ea7f1fa"
  integrity sha512-Yrs2vFIirdscR+xY4leiUosHTClRbVBiFLlm5gA0JMZMjbCulHKO3qcgMqATElrquiZal5sSHoXMk4t8DzDawA==
  dependencies:
    "@types/node" "*"
    "@types/ssh2-streams" "*"

asn1@~0.2.0:
  version "0.2.4"
  resolved "https://registry.yarnpkg.com/asn1/-/asn1-0.2.4.tgz#8d2475dfab553bb33e77b54e59e880bb8ce23136"
  integrity sha512-jxwzQpLQjSmWXgwaCZE9Nz+glAG01yF1QnWgbhGwHI5A6FRIEY6IVqtHhIepHqI7/kyEyQEagBC5mBEFlIYvdg==
  dependencies:
    safer-buffer "~2.1.0"

bcrypt-pbkdf@^1.0.2:
  version "1.0.2"
  resolved "https://registry.yarnpkg.com/bcrypt-pbkdf/-/bcrypt-pbkdf-1.0.2.tgz#a4301d389b6a43f9b67ff3ca11a3f6637e360e9e"
  integrity sha1-pDAdOJtqQ/m2f/PKEaP2Y342Dp4=
  dependencies:
    tweetnacl "^0.14.3"

safer-buffer@~2.1.0:
  version "2.1.2"
  resolved "https://registry.yarnpkg.com/safer-buffer/-/safer-buffer-2.1.2.tgz#44fa161b0187b9549dd84bb91802f9bd8385cd6a"
  integrity sha512-YZo3K82SD7Riyi0E1EQPojLz7kpepnSQI9IyPbHHg1XXXevb5dJI7tpyN2ADxGcQbHG7vcyRHk0cbwqcQriUtg==

ssh2-streams@~0.4.9:
  version "0.4.9"
  resolved "https://registry.yarnpkg.com/ssh2-streams/-/ssh2-streams-0.4.9.tgz#d3d92155410001437d27119d9c023b303cbe2309"
  integrity sha512-glMQKeYKuA+rLaH16fJC3nZMV1BWklbxuYCR4C5/LlBSf2yaoNRpPU7Ul702xsi5nvYjIx9XDkKBJwrBjkDynw==
  dependencies:
    asn1 "~0.2.0"
    bcrypt-pbkdf "^1.0.2"
    streamsearch "~0.1.2"

ssh2@^0.8.8:
  version "0.8.8"
  resolved "https://registry.yarnpkg.com/ssh2/-/ssh2-0.8.8.tgz#1d9815e287faef623ae2b7db32e674dadbef4664"
  integrity sha512-egJVQkf3sbjECTY6rCeg8rgV/fab6S/7E5kpYqHT3Fe/YpfJbLYeA1qTcB2d+LRUUAjqKi7rlbfWkaP66YdpAQ==
  dependencies:
    ssh2-streams "~0.4.9"

streamsearch@~0.1.2:
  version "0.1.2"
  resolved "https://registry.yarnpkg.com/streamsearch/-/streamsearch-0.1.2.tgz#808b9d0e56fc273d809ba57338e929919a1a9f1a"
  integrity sha1-gIudDlb8Jz2Am6VzOOkpkZoanxo=

tweetnacl@^0.14.3:
  version "0.14.5"
  resolved "https://registry.yarnpkg.com/tweetnacl/-/tweetnacl-0.14.5.tgz#5ae68177f192d4456269d108afa93ff8743f4f64"
  integrity sha1-WuaBd/GS1EViadEIr6k/+HQ/T2Q=

typescript@^3.8.2:
  version "3.8.2"
  resolved "https://registry.yarnpkg.com/typescript/-/typescript-3.8.2.tgz#91d6868aaead7da74f493c553aeff76c0c0b1d5a"
  integrity sha512-EgOVgL/4xfVrCMbhYKUQTdF37SQn4Iw73H5BgCrF1Abdun7Kwy/QZsE/ssAy0y4LxBbvua3PIbFsbRczWWnDdQ==
